<?xml version="1.0" encoding="utf-8"?>
<Project ToolsVersion="4.0" xmlns="http://schemas.microsoft.com/developer/msbuild/2003">
  <ItemGroup>
    <Filter Include="源文件">
      <UniqueIdentifier>{4FC737F1-C7A5-4376-A066-2A32D752A2FF}</UniqueIdentifier>
      <Extensions>cpp;c;cc;cxx;def;odl;idl;hpj;bat;asm;asmx</Extensions>
    </Filter>
    <Filter Include="头文件">
      <UniqueIdentifier>{93995380-89BD-4b04-88EB-625FBE52EBFB}</UniqueIdentifier>
      <Extensions>h;hpp;hxx;hm;inl;inc;xsd</Extensions>
    </Filter>
    <Filter Include="资源文件">
      <UniqueIdentifier>{67DA6AB6-F800-4c08-8B7A-83BB121AAD01}</UniqueIdentifier>
      <Extensions>rc;ico;cur;bmp;dlg;rc2;rct;bin;rgs;gif;jpg;jpeg;jpe;resx;tiff;tif;png;wav;mfcribbon-ms</Extensions>
    </Filter>
    <Filter Include="头文件\utils">
      <UniqueIdentifier>{85d1c53e-41a7-464b-ae26-4114adc640db}</UniqueIdentifier>
    </Filter>
    <Filter Include="源文件\utils">
      <UniqueIdentifier>{9707da6d-d215-4045-8b5a-a664547da241}</UniqueIdentifier>
    </Filter>
  </ItemGroup>
  <ItemGroup>
    <ClCompile Include="Frame.cpp">
      <Filter>源文件</Filter>
    </ClCompile>
    <ClCompile Include="Kinematics.cpp">
      <Filter>源文件</Filter>
    </ClCompile>
    <ClCompile Include="main.cpp">
      <Filter>源文件</Filter>
    </ClCompile>
    <ClCompile Include="Planner.cpp">
      <Filter>源文件</Filter>
    </ClCompile>
    <ClCompile Include="Test.cpp">
      <Filter>源文件</Filter>
    </ClCompile>
    <ClCompile Include="interpolate.cpp">
      <Filter>源文件\utils</Filter>
    </ClCompile>
    <ClCompile Include="robotMath.cpp">
      <Filter>源文件\utils</Filter>
    </ClCompile>
    <ClCompile Include="trajectory.cpp">
      <Filter>源文件\utils</Filter>
    </ClCompile>
  </ItemGroup>
  <ItemGroup>
    <ClInclude Include="Frame.h">
      <Filter>头文件</Filter>
    </ClInclude>
    <ClInclude Include="Kinematics.h">
      <Filter>头文件</Filter>
    </ClInclude>
    <ClInclude Include="Planner.h">
      <Filter>头文件</Filter>
    </ClInclude>
    <ClInclude Include="Test.h">
      <Filter>头文件</Filter>
    </ClInclude>
    <ClInclude Include="interpolate.h">
      <Filter>头文件\utils</Filter>
    </ClInclude>
    <ClInclude Include="robotMath.h">
      <Filter>头文件\utils</Filter>
    </ClInclude>
    <ClInclude Include="trajectory.h">
      <Filter>头文件\utils</Filter>
    </ClInclude>
    <ClInclude Include="typesAndErrors.h">
      <Filter>头文件\utils</Filter>
    </ClInclude>
  </ItemGroup>
</Project>